// !$*UTF8*$!
{
	archiveVersion = 1;
	classes = {
	};
	objectVersion = 56;
	objects = {

/* Begin PBXBuildFile section */
		9853F6492AB3D73D00C697B7 /* AppDelegate.swift in Sources */ = {isa = PBXBuildFile; fileRef = 9853F6482AB3D73D00C697B7 /* AppDelegate.swift */; };
		9853F64B2AB3D73D00C697B7 /* SceneDelegate.swift in Sources */ = {isa = PBXBuildFile; fileRef = 9853F64A2AB3D73D00C697B7 /* SceneDelegate.swift */; };
		9853F64D2AB3D73D00C697B7 /* ViewController.swift in Sources */ = {isa = PBXBuildFile; fileRef = 9853F64C2AB3D73D00C697B7 /* ViewController.swift */; };
		9853F6502AB3D73D00C697B7 /* Main.storyboard in Resources */ = {isa = PBXBuildFile; fileRef = 9853F64E2AB3D73D00C697B7 /* Main.storyboard */; };
		9853F6522AB3D73F00C697B7 /* Assets.xcassets in Resources */ = {isa = PBXBuildFile; fileRef = 9853F6512AB3D73F00C697B7 /* Assets.xcassets */; };
		9853F6552AB3D73F00C697B7 /* LaunchScreen.storyboard in Resources */ = {isa = PBXBuildFile; fileRef = 9853F6532AB3D73F00C697B7 /* LaunchScreen.storyboard */; };
		9853F65E2AB4844200C697B7 /* TextInput.swift in Sources */ = {isa = PBXBuildFile; fileRef = 9853F65D2AB4844200C697B7 /* TextInput.swift */; };
		9853F6642AB49DB000C697B7 /* Instagram Sans Light.ttf in Resources */ = {isa = PBXBuildFile; fileRef = 9853F6602AB49D9900C697B7 /* Instagram Sans Light.ttf */; };
		9853F6652AB49DB000C697B7 /* Instagram Sans Bold.ttf in Resources */ = {isa = PBXBuildFile; fileRef = 9853F6632AB49D9900C697B7 /* Instagram Sans Bold.ttf */; };
		9853F6662AB49DB000C697B7 /* Instagram Sans.ttf in Resources */ = {isa = PBXBuildFile; fileRef = 9853F6612AB49D9900C697B7 /* Instagram Sans.ttf */; };
		9853F6672AB49DB000C697B7 /* Instagram Sans Medium.ttf in Resources */ = {isa = PBXBuildFile; fileRef = 9853F6622AB49D9900C697B7 /* Instagram Sans Medium.ttf */; };
		9853F6692AB4BC1A00C697B7 /* Label.swift in Sources */ = {isa = PBXBuildFile; fileRef = 9853F6682AB4BC1A00C697B7 /* Label.swift */; };
		986E28662AB8790600124733 /* Button.swift in Sources */ = {isa = PBXBuildFile; fileRef = 986E28652AB8790600124733 /* Button.swift */; };
/* End PBXBuildFile section */

/* Begin PBXFileReference section */
		9853F6452AB3D73D00C697B7 /* instagram-clone.app */ = {isa = PBXFileReference; explicitFileType = wrapper.application; includeInIndex = 0; path = "instagram-clone.app"; sourceTree = BUILT_PRODUCTS_DIR; };
		9853F6482AB3D73D00C697B7 /* AppDelegate.swift */ = {isa = PBXFileReference; lastKnownFileType = sourcecode.swift; path = AppDelegate.swift; sourceTree = "<group>"; };
		9853F64A2AB3D73D00C697B7 /* SceneDelegate.swift */ = {isa = PBXFileReference; lastKnownFileType = sourcecode.swift; path = SceneDelegate.swift; sourceTree = "<group>"; };
		9853F64C2AB3D73D00C697B7 /* ViewController.swift */ = {isa = PBXFileReference; lastKnownFileType = sourcecode.swift; path = ViewController.swift; sourceTree = "<group>"; };
		9853F64F2AB3D73D00C697B7 /* Base */ = {isa = PBXFileReference; lastKnownFileType = file.storyboard; name = Base; path = Base.lproj/Main.storyboard; sourceTree = "<group>"; };
		9853F6512AB3D73F00C697B7 /* Assets.xcassets */ = {isa = PBXFileReference; lastKnownFileType = folder.assetcatalog; path = Assets.xcassets; sourceTree = "<group>"; };
		9853F6542AB3D73F00C697B7 /* Base */ = {isa = PBXFileReference; lastKnownFileType = file.storyboard; name = Base; path = Base.lproj/LaunchScreen.storyboard; sourceTree = "<group>"; };
		9853F6562AB3D73F00C697B7 /* Info.plist */ = {isa = PBXFileReference; lastKnownFileType = text.plist.xml; path = Info.plist; sourceTree = "<group>"; };
		9853F65D2AB4844200C697B7 /* TextInput.swift */ = {isa = PBXFileReference; lastKnownFileType = sourcecode.swift; path = TextInput.swift; sourceTree = "<group>"; };
		9853F6602AB49D9900C697B7 /* Instagram Sans Light.ttf */ = {isa = PBXFileReference; lastKnownFileType = file; path = "Instagram Sans Light.ttf"; sourceTree = "<group>"; };
		9853F6612AB49D9900C697B7 /* Instagram Sans.ttf */ = {isa = PBXFileReference; lastKnownFileType = file; path = "Instagram Sans.ttf"; sourceTree = "<group>"; };
		9853F6622AB49D9900C697B7 /* Instagram Sans Medium.ttf */ = {isa = PBXFileReference; lastKnownFileType = file; path = "Instagram Sans Medium.ttf"; sourceTree = "<group>"; };
		9853F6632AB49D9900C697B7 /* Instagram Sans Bold.ttf */ = {isa = PBXFileReference; lastKnownFileType = file; path = "Instagram Sans Bold.ttf"; sourceTree = "<group>"; };
		9853F6682AB4BC1A00C697B7 /* Label.swift */ = {isa = PBXFileReference; lastKnownFileType = sourcecode.swift; path = Label.swift; sourceTree = "<group>"; };
		986E28652AB8790600124733 /* Button.swift */ = {isa = PBXFileReference; lastKnownFileType = sourcecode.swift; path = Button.swift; sourceTree = "<group>"; };
/* End PBXFileReference section */

/* Begin PBXFrameworksBuildPhase section */
		9853F6422AB3D73D00C697B7 /* Frameworks */ = {
			isa = PBXFrameworksBuildPhase;
			buildActionMask = 2147483647;
			files = (
			);
			runOnlyForDeploymentPostprocessing = 0;
		};
/* End PBXFrameworksBuildPhase section */

/* Begin PBXGroup section */
		9853F63C2AB3D73D00C697B7 = {
			isa = PBXGroup;
			children = (
				9853F6472AB3D73D00C697B7 /* instagram-clone */,
				9853F6462AB3D73D00C697B7 /* Products */,
			);
			sourceTree = "<group>";
		};
		9853F6462AB3D73D00C697B7 /* Products */ = {
			isa = PBXGroup;
			children = (
				9853F6452AB3D73D00C697B7 /* instagram-clone.app */,
			);
			name = Products;
			sourceTree = "<group>";
		};
		9853F6472AB3D73D00C697B7 /* instagram-clone */ = {
			isa = PBXGroup;
			children = (
				9853F65F2AB49D9300C697B7 /* fonts */,
				9853F65C2AB4843700C697B7 /* components */,
				9853F6482AB3D73D00C697B7 /* AppDelegate.swift */,
				9853F64A2AB3D73D00C697B7 /* SceneDelegate.swift */,
				9853F64C2AB3D73D00C697B7 /* ViewController.swift */,
				9853F64E2AB3D73D00C697B7 /* Main.storyboard */,
				9853F6512AB3D73F00C697B7 /* Assets.xcassets */,
				9853F6532AB3D73F00C697B7 /* LaunchScreen.storyboard */,
				9853F6562AB3D73F00C697B7 /* Info.plist */,
			);
			path = "instagram-clone";
			sourceTree = "<group>";
		};
		9853F65C2AB4843700C697B7 /* components */ = {
			isa = PBXGroup;
			children = (
				9853F65D2AB4844200C697B7 /* TextInput.swift */,
				9853F6682AB4BC1A00C697B7 /* Label.swift */,
				986E28652AB8790600124733 /* Button.swift */,
			);
			path = components;
			sourceTree = "<group>";
		};
		9853F65F2AB49D9300C697B7 /* fonts */ = {
			isa = PBXGroup;
			children = (
				9853F6632AB49D9900C697B7 /* Instagram Sans Bold.ttf */,
				9853F6602AB49D9900C697B7 /* Instagram Sans Light.ttf */,
				9853F6622AB49D9900C697B7 /* Instagram Sans Medium.ttf */,
				9853F6612AB49D9900C697B7 /* Instagram Sans.ttf */,
			);
			path = fonts;
			sourceTree = "<group>";
		};
/* End PBXGroup section */

/* Begin PBXNativeTarget section */
		9853F6442AB3D73D00C697B7 /* instagram-clone */ = {
			isa = PBXNativeTarget;
			buildConfigurationList = 9853F6592AB3D73F00C697B7 /* Build configuration list for PBXNativeTarget "instagram-clone" */;
			buildPhases = (
				9853F6412AB3D73D00C697B7 /* Sources */,
				9853F6422AB3D73D00C697B7 /* Frameworks */,
				9853F6432AB3D73D00C697B7 /* Resources */,
			);
			buildRules = (
			);
			dependencies = (
			);
			name = "instagram-clone";
			productName = "instagram-clone";
			productReference = 9853F6452AB3D73D00C697B7 /* instagram-clone.app */;
			productType = "com.apple.product-type.application";
		};
/* End PBXNativeTarget section */

/* Begin PBXProject section */
		9853F63D2AB3D73D00C697B7 /* Project object */ = {
			isa = PBXProject;
			attributes = {
				BuildIndependentTargetsInParallel = 1;
				LastSwiftUpdateCheck = 1430;
				LastUpgradeCheck = 1430;
				TargetAttributes = {
					9853F6442AB3D73D00C697B7 = {
						CreatedOnToolsVersion = 14.3.1;
					};
				};
			};
			buildConfigurationList = 9853F6402AB3D73D00C697B7 /* Build configuration list for PBXProject "instagram-clone" */;
			compatibilityVersion = "Xcode 14.0";
			developmentRegion = en;
			hasScannedForEncodings = 0;
			knownRegions = (
				en,
				Base,
			);
			mainGroup = 9853F63C2AB3D73D00C697B7;
			productRefGroup = 9853F6462AB3D73D00C697B7 /* Products */;
			projectDirPath = "";
			projectRoot = "";
			targets = (
				9853F6442AB3D73D00C697B7 /* instagram-clone */,
			);
		};
/* End PBXProject section */

/* Begin PBXResourcesBuildPhase section */
		9853F6432AB3D73D00C697B7 /* Resources */ = {
			isa = PBXResourcesBuildPhase;
			buildActionMask = 2147483647;
			files = (
				9853F6552AB3D73F00C697B7 /* LaunchScreen.storyboard in Resources */,
				9853F6662AB49DB000C697B7 /* Instagram Sans.ttf in Resources */,
				9853F6652AB49DB000C697B7 /* Instagram Sans Bold.ttf in Resources */,
				9853F6522AB3D73F00C697B7 /* Assets.xcassets in Resources */,
				9853F6502AB3D73D00C697B7 /* Main.storyboard in Resources */,
				9853F6642AB49DB000C697B7 /* Instagram Sans Light.ttf in Resources */,
				9853F6672AB49DB000C697B7 /* Instagram Sans Medium.ttf in Resources */,
			);
			runOnlyForDeploymentPostprocessing = 0;
		};
/* End PBXResourcesBuildPhase section */

/* Begin PBXSourcesBuildPhase section */
		9853F6412AB3D73D00C697B7 /* Sources */ = {
			isa = PBXSourcesBuildPhase;
			buildActionMask = 2147483647;
			files = (
				9853F64D2AB3D73D00C697B7 /* ViewController.swift in Sources */,
				986E28662AB8790600124733 /* Button.swift in Sources */,
				9853F6492AB3D73D00C697B7 /* AppDelegate.swift in Sources */,
				9853F64B2AB3D73D00C697B7 /* SceneDelegate.swift in Sources */,
				9853F6692AB4BC1A00C697B7 /* Label.swift in Sources */,
				9853F65E2AB4844200C697B7 /* TextInput.swift in Sources */,
			);
			runOnlyForDeploymentPostprocessing = 0;
		};
/* End PBXSourcesBuildPhase section */

/* Begin PBXVariantGroup section */
		9853F64E2AB3D73D00C697B7 /* Main.storyboard */ = {
			isa = PBXVariantGroup;
			children = (
				9853F64F2AB3D73D00C697B7 /* Base */,
			);
			name = Main.storyboard;
			sourceTree = "<group>";
		};
		9853F6532AB3D73F00C697B7 /* LaunchScreen.storyboard */ = {
			isa = PBXVariantGroup;
			children = (
				9853F6542AB3D73F00C697B7 /* Base */,
			);
			name = LaunchScreen.storyboard;
			sourceTree = "<group>";
		};
/* End PBXVariantGroup section */

/* Begin XCBuildConfiguration section */
		9853F6572AB3D73F00C697B7 /* Debug */ = {
			isa = XCBuildConfiguration;
			buildSettings = {
				ALWAYS_SEARCH_USER_PATHS = NO;
				CLANG_ANALYZER_NONNULL = YES;
				CLANG_ANALYZER_NUMBER_OBJECT_CONVERSION = YES_AGGRESSIVE;
				CLANG_CXX_LANGUAGE_STANDARD = "gnu++20";
				CLANG_ENABLE_MODULES = YES;
				CLANG_ENABLE_OBJC_ARC = YES;
				CLANG_ENABLE_OBJC_WEAK = YES;
				CLANG_WARN_BLOCK_CAPTURE_AUTORELEASING = YES;
				CLANG_WARN_BOOL_CONVERSION = YES;
				CLANG_WARN_COMMA = YES;
				CLANG_WARN_CONSTANT_CONVERSION = YES;
				CLANG_WARN_DEPRECATED_OBJC_IMPLEMENTATIONS = YES;
				CLANG_WARN_DIRECT_OBJC_ISA_USAGE = YES_ERROR;
				CLANG_WARN_DOCUMENTATION_COMMENTS = YES;
				CLANG_WARN_EMPTY_BODY = YES;
				CLANG_WARN_ENUM_CONVERSION = YES;
				CLANG_WARN_INFINITE_RECURSION = YES;
				CLANG_WARN_INT_CONVERSION = YES;
				CLANG_WARN_NON_LITERAL_NULL_CONVERSION = YES;
				CLANG_WARN_OBJC_IMPLICIT_RETAIN_SELF = YES;
				CLANG_WARN_OBJC_LITERAL_CONVERSION = YES;
				CLANG_WARN_OBJC_ROOT_CLASS = YES_ERROR;
				CLANG_WARN_QUOTED_INCLUDE_IN_FRAMEWORK_HEADER = YES;
				CLANG_WARN_RANGE_LOOP_ANALYSIS = YES;
				CLANG_WARN_STRICT_PROTOTYPES = YES;
				CLANG_WARN_SUSPICIOUS_MOVE = YES;
				CLANG_WARN_UNGUARDED_AVAILABILITY = YES_AGGRESSIVE;
				CLANG_WARN_UNREACHABLE_CODE = YES;
				CLANG_WARN__DUPLICATE_METHOD_MATCH = YES;
				COPY_PHASE_STRIP = NO;
				DEBUG_INFORMATION_FORMAT = dwarf;
				ENABLE_STRICT_OBJC_MSGSEND = YES;
				ENABLE_TESTABILITY = YES;
				GCC_C_LANGUAGE_STANDARD = gnu11;
				GCC_DYNAMIC_NO_PIC = NO;
				GCC_NO_COMMON_BLOCKS = YES;
				GCC_OPTIMIZATION_LEVEL = 0;
				GCC_PREPROCESSOR_DEFINITIONS = (
					"DEBUG=1",
					"$(inherited)",
				);
				GCC_WARN_64_TO_32_BIT_CONVERSION = YES;
				GCC_WARN_ABOUT_RETURN_TYPE = YES_ERROR;
				GCC_WARN_UNDECLARED_SELECTOR = YES;
				GCC_WARN_UNINITIALIZED_AUTOS = YES_AGGRESSIVE;
				GCC_WARN_UNUSED_FUNCTION = YES;
				GCC_WARN_UNUSED_VARIABLE = YES;
				IPHONEOS_DEPLOYMENT_TARGET = 16.4;
				MTL_ENABLE_DEBUG_INFO = INCLUDE_SOURCE;
				MTL_FAST_MATH = YES;
				ONLY_ACTIVE_ARCH = YES;
				SDKROOT = iphoneos;
				SWIFT_ACTIVE_COMPILATION_CONDITIONS = DEBUG;
				SWIFT_OPTIMIZATION_LEVEL = "-Onone";
			};
			name = Debug;
		};
		9853F6582AB3D73F00C697B7 /* Release */ = {
			isa = XCBuildConfiguration;
			buildSettings = {
				ALWAYS_SEARCH_USER_PATHS = NO;
				CLANG_ANALYZER_NONNULL = YES;
				CLANG_ANALYZER_NUMBER_OBJECT_CONVERSION = YES_AGGRESSIVE;
				CLANG_CXX_LANGUAGE_STANDARD = "gnu++20";
				CLANG_ENABLE_MODULES = YES;
				CLANG_ENABLE_OBJC_ARC = YES;
				CLANG_ENABLE_OBJC_WEAK = YES;
				CLANG_WARN_BLOCK_CAPTURE_AUTORELEASING = YES;
				CLANG_WARN_BOOL_CONVERSION = YES;
				CLANG_WARN_COMMA = YES;
				CLANG_WARN_CONSTANT_CONVERSION = YES;
				CLANG_WARN_DEPRECATED_OBJC_IMPLEMENTATIONS = YES;
				CLANG_WARN_DIRECT_OBJC_ISA_USAGE = YES_ERROR;
				CLANG_WARN_DOCUMENTATION_COMMENTS = YES;
				CLANG_WARN_EMPTY_BODY = YES;
				CLANG_WARN_ENUM_CONVERSION = YES;
				CLANG_WARN_INFINITE_RECURSION = YES;
				CLANG_WARN_INT_CONVERSION = YES;
				CLANG_WARN_NON_LITERAL_NULL_CONVERSION = YES;
				CLANG_WARN_OBJC_IMPLICIT_RETAIN_SELF = YES;
				CLANG_WARN_OBJC_LITERAL_CONVERSION = YES;
				CLANG_WARN_OBJC_ROOT_CLASS = YES_ERROR;
				CLANG_WARN_QUOTED_INCLUDE_IN_FRAMEWORK_HEADER = YES;
				CLANG_WARN_RANGE_LOOP_ANALYSIS = YES;
				CLANG_WARN_STRICT_PROTOTYPES = YES;
				CLANG_WARN_SUSPICIOUS_MOVE = YES;
				CLANG_WARN_UNGUARDED_AVAILABILITY = YES_AGGRESSIVE;
				CLANG_WARN_UNREACHABLE_CODE = YES;
				CLANG_WARN__DUPLICATE_METHOD_MATCH = YES;
				COPY_PHASE_STRIP = NO;
				DEBUG_INFORMATION_FORMAT = "dwarf-with-dsym";
				ENABLE_NS_ASSERTIONS = NO;
				ENABLE_STRICT_OBJC_MSGSEND = YES;
				GCC_C_LANGUAGE_STANDARD = gnu11;
				GCC_NO_COMMON_BLOCKS = YES;
				GCC_WARN_64_TO_32_BIT_CONVERSION = YES;
				GCC_WARN_ABOUT_RETURN_TYPE = YES_ERROR;
				GCC_WARN_UNDECLARED_SELECTOR = YES;
				GCC_WARN_UNINITIALIZED_AUTOS = YES_AGGRESSIVE;
				GCC_WARN_UNUSED_FUNCTION = YES;
				GCC_WARN_UNUSED_VARIABLE = YES;
				IPHONEOS_DEPLOYMENT_TARGET = 16.4;
				MTL_ENABLE_DEBUG_INFO = NO;
				MTL_FAST_MATH = YES;
				SDKROOT = iphoneos;
				SWIFT_COMPILATION_MODE = wholemodule;
				SWIFT_OPTIMIZATION_LEVEL = "-O";
				VALIDATE_PRODUCT = YES;
			};
			name = Release;
		};
		9853F65A2AB3D73F00C697B7 /* Debug */ = {
			isa = XCBuildConfiguration;
			buildSettings = {
				ASSETCATALOG_COMPILER_APPICON_NAME = AppIcon;
				ASSETCATALOG_COMPILER_GLOBAL_ACCENT_COLOR_NAME = AccentColor;
				CODE_SIGN_STYLE = Automatic;
				CURRENT_PROJECT_VERSION = 1;
				DEVELOPMENT_TEAM = M67J2XKW43;
				GENERATE_INFOPLIST_FILE = YES;
				INFOPLIST_FILE = "instagram-clone/Info.plist";
				INFOPLIST_KEY_UIApplicationSupportsIndirectInputEvents = YES;
				INFOPLIST_KEY_UILaunchStoryboardName = LaunchScreen;
				INFOPLIST_KEY_UISupportedInterfaceOrientations_iPad = "UIInterfaceOrientationPortrait UIInterfaceOrientationPortraitUpsideDown UIInterfaceOrientationLandscapeLeft UIInterfaceOrientationLandscapeRight";
				INFOPLIST_KEY_UISupportedInterfaceOrientations_iPhone = "UIInterfaceOrientationPortrait UIInterfaceOrientationLandscapeLeft UIInterfaceOrientationLandscapeRight";
				LD_RUNPATH_SEARCH_PATHS = (
					"$(inherited)",
					"@executable_path/Frameworks",
				);
				MARKETING_VERSION = 1.0;
				PRODUCT_BUNDLE_IDENTIFIER = "Victor.instagram-clone";
				PRODUCT_NAME = "$(TARGET_NAME)";
				SWIFT_EMIT_LOC_STRINGS = YES;
				SWIFT_VERSION = 5.0;
				TARGETED_DEVICE_FAMILY = "1,2";
			};
			name = Debug;
		};
		9853F65B2AB3D73F00C697B7 /* Release */ = {
			isa = XCBuildConfiguration;
			buildSettings = {
				ASSETCATALOG_COMPILER_APPICON_NAME = AppIcon;
				ASSETCATALOG_COMPILER_GLOBAL_ACCENT_COLOR_NAME = AccentColor;
				CODE_SIGN_STYLE = Automatic;
				CURRENT_PROJECT_VERSION = 1;
				DEVELOPMENT_TEAM = M67J2XKW43;
				GENERATE_INFOPLIST_FILE = YES;
				INFOPLIST_FILE = "instagram-clone/Info.plist";
				INFOPLIST_KEY_UIApplicationSupportsIndirectInputEvents = YES;
				INFOPLIST_KEY_UILaunchStoryboardName = LaunchScreen;
				INFOPLIST_KEY_UISupportedInterfaceOrientations_iPad = "UIInterfaceOrientationPortrait UIInterfaceOrientationPortraitUpsideDown UIInterfaceOrientationLandscapeLeft UIInterfaceOrientationLandscapeRight";
				INFOPLIST_KEY_UISupportedInterfaceOrientations_iPhone = "UIInterfaceOrientationPortrait UIInterfaceOrientationLandscapeLeft UIInterfaceOrientationLandscapeRight";
				LD_RUNPATH_SEARCH_PATHS = (
					"$(inherited)",
					"@executable_path/Frameworks",
				);
				MARKETING_VERSION = 1.0;
				PRODUCT_BUNDLE_IDENTIFIER = "Victor.instagram-clone";
				PRODUCT_NAME = "$(TARGET_NAME)";
				SWIFT_EMIT_LOC_STRINGS = YES;
				SWIFT_VERSION = 5.0;
				TARGETED_DEVICE_FAMILY = "1,2";
			};
			name = Release;
		};
/* End XCBuildConfiguration section */

/* Begin XCConfigurationList section */
		9853F6402AB3D73D00C697B7 /* Build configuration list for PBXProject "instagram-clone" */ = {
			isa = XCConfigurationList;
			buildConfigurations = (
				9853F6572AB3D73F00C697B7 /* Debug */,
				9853F6582AB3D73F00C697B7 /* Release */,
			);
			defaultConfigurationIsVisible = 0;
			defaultConfigurationName = Release;
		};
		9853F6592AB3D73F00C697B7 /* Build configuration list for PBXNativeTarget "instagram-clone" */ = {
			isa = XCConfigurationList;
			buildConfigurations = (
				9853F65A2AB3D73F00C697B7 /* Debug */,
				9853F65B2AB3D73F00C697B7 /* Release */,
			);
			defaultConfigurationIsVisible = 0;
			defaultConfigurationName = Release;
		};
/* End XCConfigurationList section */
	};
	rootObject = 9853F63D2AB3D73D00C697B7 /* Project object */;
}
